github.com/Mitrichius/hugo-theme-anubis v0.0.0-20230303133243-95a8df754cd9 h1:fsVhv+VSdDbZb7eNSsi43iFvG6J5/349og1o04LJCZQ=
github.com/Mitrichius/hugo-theme-anubis v0.0.0-20230303133243-95a8df754cd9/go.mod h1:FKD3NbdsQzL+cXsC3x99XD/t/Rd5EyhDlNBAxQhULbo=
github.com/theNewDynamic/gohugo-theme-ananke v0.0.0-20230203204610-a1a99cf12681 h1:iPc5eu4EV8YZEOh1WsTqLcQmqj96TbqI+BGpBD4a5lo=
github.com/theNewDynamic/gohugo-theme-ananke v0.0.0-20230203204610-a1a99cf12681/go.mod h1:yY14BLqqh5G61rO81YcJKMHY1rClY5iIiUK+K2JKSUM=
